
Microsoft Visual Studio Solution File, Format Version 12.00
# Visual Studio 15
VisualStudioVersion = 15.0.28307.421
MinimumVisualStudioVersion = 10.0.40219.1
Project("{FAE04EC0-301F-11D3-BF4B-00C04F79EFBC}") = "E-shop", "E-shop\E-shop.csproj", "{BEC34B6E-10EF-42AE-A6F4-50F048DBCDC7}"
EndProject
Global
	GlobalSection(SolutionConfigurationPlatforms) = preSolution
		Debug|Any CPU = Debug|Any CPU
		Release|Any CPU = Release|Any CPU
	EndGlobalSection
	GlobalSection(ProjectConfigurationPlatforms) = postSolution
		{BEC34B6E-10EF-42AE-A6F4-50F048DBCDC7}.Debug|Any CPU.ActiveCfg = Debug|Any CPU
		{BEC34B6E-10EF-42AE-A6F4-50F048DBCDC7}.Debug|Any CPU.Build.0 = Debug|Any CPU
		{BEC34B6E-10EF-42AE-A6F4-50F048DBCDC7}.Release|Any CPU.ActiveCfg = Release|Any CPU
		{BEC34B6E-10EF-42AE-A6F4-50F048DBCDC7}.Release|Any CPU.Build.0 = Release|Any CPU
	EndGlobalSection
	GlobalSection(SolutionProperties) = preSolution
		HideSolutionNode = FALSE
	EndGlobalSection
	GlobalSection(ExtensibilityGlobals) = postSolution
		SolutionGuid = {835813E8-C033-4728-832D-6F58CEE1AD79}
	EndGlobalSection
EndGlobal
