
Microsoft Visual Studio Solution File, Format Version 12.00
# Visual Studio 15
VisualStudioVersion = 15.0.28307.421
MinimumVisualStudioVersion = 10.0.40219.1
Project("{FAE04EC0-301F-11D3-BF4B-00C04F79EFBC}") = "Class10-E-shop", "Class10-E-shop\Class10-E-shop.csproj", "{BD48AD2E-4493-4DE4-B5B9-EE4D8E3A7176}"
EndProject
Global
	GlobalSection(SolutionConfigurationPlatforms) = preSolution
		Debug|Any CPU = Debug|Any CPU
		Release|Any CPU = Release|Any CPU
	EndGlobalSection
	GlobalSection(ProjectConfigurationPlatforms) = postSolution
		{BD48AD2E-4493-4DE4-B5B9-EE4D8E3A7176}.Debug|Any CPU.ActiveCfg = Debug|Any CPU
		{BD48AD2E-4493-4DE4-B5B9-EE4D8E3A7176}.Debug|Any CPU.Build.0 = Debug|Any CPU
		{BD48AD2E-4493-4DE4-B5B9-EE4D8E3A7176}.Release|Any CPU.ActiveCfg = Release|Any CPU
		{BD48AD2E-4493-4DE4-B5B9-EE4D8E3A7176}.Release|Any CPU.Build.0 = Release|Any CPU
	EndGlobalSection
	GlobalSection(SolutionProperties) = preSolution
		HideSolutionNode = FALSE
	EndGlobalSection
	GlobalSection(ExtensibilityGlobals) = postSolution
		SolutionGuid = {B5EFC2AB-DFF1-4230-9E0B-16C9AA8C184E}
	EndGlobalSection
EndGlobal
